
Microsoft Visual Studio Solution File, Format Version 12.00
# Visual Studio Version 16
VisualStudioVersion = 16.0.28729.10
MinimumVisualStudioVersion = 10.0.40219.1
Project("{FAE04EC0-301F-11D3-BF4B-00C04F79EFBC}") = "LP_sem8_Dynamic Csharp", "LP_sem8_Dynamic Csharp\LP_sem8_Dynamic Csharp.csproj", "{CC3CDB65-B865-48FA-A415-62C37E2E0D95}"
EndProject
Global
	GlobalSection(SolutionConfigurationPlatforms) = preSolution
		Debug|Any CPU = Debug|Any CPU
		Release|Any CPU = Release|Any CPU
	EndGlobalSection
	GlobalSection(ProjectConfigurationPlatforms) = postSolution
		{CC3CDB65-B865-48FA-A415-62C37E2E0D95}.Debug|Any CPU.ActiveCfg = Debug|Any CPU
		{CC3CDB65-B865-48FA-A415-62C37E2E0D95}.Debug|Any CPU.Build.0 = Debug|Any CPU
		{CC3CDB65-B865-48FA-A415-62C37E2E0D95}.Release|Any CPU.ActiveCfg = Release|Any CPU
		{CC3CDB65-B865-48FA-A415-62C37E2E0D95}.Release|Any CPU.Build.0 = Release|Any CPU
	EndGlobalSection
	GlobalSection(SolutionProperties) = preSolution
		HideSolutionNode = FALSE
	EndGlobalSection
	GlobalSection(ExtensibilityGlobals) = postSolution
		SolutionGuid = {BD0B6581-65A3-44BF-B5FD-DD6909E6D9E5}
	EndGlobalSection
EndGlobal
